
Microsoft Visual Studio Solution File, Format Version 12.00
# Visual Studio Version 16
VisualStudioVersion = 16.0.30503.244
MinimumVisualStudioVersion = 10.0.40219.1
Project("{FAE04EC0-301F-11D3-BF4B-00C04F79EFBC}") = "Text-Based RPG_Shell Knight", "Text-Based RPG_Shell Knight\Text-Based RPG_Shell Knight.csproj", "{8EF6E02A-8CA3-4B39-9A29-BD1890A4CC7D}"
EndProject
Global
	GlobalSection(SolutionConfigurationPlatforms) = preSolution
		Debug|Any CPU = Debug|Any CPU
		Release|Any CPU = Release|Any CPU
	EndGlobalSection
	GlobalSection(ProjectConfigurationPlatforms) = postSolution
		{8EF6E02A-8CA3-4B39-9A29-BD1890A4CC7D}.Debug|Any CPU.ActiveCfg = Debug|Any CPU
		{8EF6E02A-8CA3-4B39-9A29-BD1890A4CC7D}.Debug|Any CPU.Build.0 = Debug|Any CPU
		{8EF6E02A-8CA3-4B39-9A29-BD1890A4CC7D}.Release|Any CPU.ActiveCfg = Release|Any CPU
		{8EF6E02A-8CA3-4B39-9A29-BD1890A4CC7D}.Release|Any CPU.Build.0 = Release|Any CPU
	EndGlobalSection
	GlobalSection(SolutionProperties) = preSolution
		HideSolutionNode = FALSE
	EndGlobalSection
	GlobalSection(ExtensibilityGlobals) = postSolution
		SolutionGuid = {4E6A8F66-E725-4750-9519-44AB79580386}
	EndGlobalSection
EndGlobal
